
Microsoft Visual Studio Solution File, Format Version 12.00
# Visual Studio Version 17
VisualStudioVersion = 17.0.31903.59
MinimumVisualStudioVersion = 10.0.40219.1
Project("{2150E333-8FDC-42A3-9474-1A3956D46DE8}") = "tests", "tests", "{02EA681E-C7D8-13C7-8484-4AC65E1B71E8}"
EndProject
Project("{2150E333-8FDC-42A3-9474-1A3956D46DE8}") = "src", "src", "{AAA173BB-8848-48A2-AC94-95C1833CC22D}"
EndProject
Project("{FAE04EC0-301F-11D3-BF4B-00C04F79EFBC}") = "Restaurants.API", "src\Restaurants.API\Restaurants.API.csproj", "{EE6051AE-B6D6-8202-9D97-06FDEF77DEC7}"
EndProject
Project("{FAE04EC0-301F-11D3-BF4B-00C04F79EFBC}") = "Restaurants.Application", "src\Restaurants.Application\Restaurants.Application.csproj", "{EFEDB2AB-A54A-CEDE-88B8-6EA93CEC4242}"
EndProject
Project("{FAE04EC0-301F-11D3-BF4B-00C04F79EFBC}") = "Restaurants.Domain", "src\Restaurants.Domain\Restaurants.Domain.csproj", "{27C20924-9E09-3927-8D4D-A204713E4FD3}"
EndProject
Project("{FAE04EC0-301F-11D3-BF4B-00C04F79EFBC}") = "Restaurants.Infrastructure", "src\Restaurants.Infrastructure\Restaurants.Infrastructure.csproj", "{DE26A72D-0757-3D84-C2C2-58247A49A6CF}"
EndProject
Project("{FAE04EC0-301F-11D3-BF4B-00C04F79EFBC}") = "Restaurants.API.Tests", "tests\Restaurants.API.Tests\Restaurants.API.Tests.csproj", "{09AF7126-0CC5-D1A5-ACDB-6B0917D81A5B}"
EndProject
Project("{FAE04EC0-301F-11D3-BF4B-00C04F79EFBC}") = "Restaurants.Application.Tests", "tests\Restaurants.Application.Tests\Restaurants.Application.Tests.csproj", "{E453FD2D-8495-C344-9E6E-5F75E3236B49}"
EndProject
Project("{FAE04EC0-301F-11D3-BF4B-00C04F79EFBC}") = "Restaurants.Infrastructure.Tests", "tests\Restaurants.Infrastructure.Tests\Restaurants.Infrastructure.Tests.csproj", "{33AC2878-65B7-C4C1-8E6C-CCC0019EE731}"
EndProject
Global
	GlobalSection(SolutionConfigurationPlatforms) = preSolution
		Debug|Any CPU = Debug|Any CPU
		Release|Any CPU = Release|Any CPU
	EndGlobalSection
	GlobalSection(ProjectConfigurationPlatforms) = postSolution
		{EE6051AE-B6D6-8202-9D97-06FDEF77DEC7}.Debug|Any CPU.ActiveCfg = Debug|Any CPU
		{EE6051AE-B6D6-8202-9D97-06FDEF77DEC7}.Debug|Any CPU.Build.0 = Debug|Any CPU
		{EE6051AE-B6D6-8202-9D97-06FDEF77DEC7}.Release|Any CPU.ActiveCfg = Release|Any CPU
		{EE6051AE-B6D6-8202-9D97-06FDEF77DEC7}.Release|Any CPU.Build.0 = Release|Any CPU
		{EFEDB2AB-A54A-CEDE-88B8-6EA93CEC4242}.Debug|Any CPU.ActiveCfg = Debug|Any CPU
		{EFEDB2AB-A54A-CEDE-88B8-6EA93CEC4242}.Debug|Any CPU.Build.0 = Debug|Any CPU
		{EFEDB2AB-A54A-CEDE-88B8-6EA93CEC4242}.Release|Any CPU.ActiveCfg = Release|Any CPU
		{EFEDB2AB-A54A-CEDE-88B8-6EA93CEC4242}.Release|Any CPU.Build.0 = Release|Any CPU
		{27C20924-9E09-3927-8D4D-A204713E4FD3}.Debug|Any CPU.ActiveCfg = Debug|Any CPU
		{27C20924-9E09-3927-8D4D-A204713E4FD3}.Debug|Any CPU.Build.0 = Debug|Any CPU
		{27C20924-9E09-3927-8D4D-A204713E4FD3}.Release|Any CPU.ActiveCfg = Release|Any CPU
		{27C20924-9E09-3927-8D4D-A204713E4FD3}.Release|Any CPU.Build.0 = Release|Any CPU
		{DE26A72D-0757-3D84-C2C2-58247A49A6CF}.Debug|Any CPU.ActiveCfg = Debug|Any CPU
		{DE26A72D-0757-3D84-C2C2-58247A49A6CF}.Debug|Any CPU.Build.0 = Debug|Any CPU
		{DE26A72D-0757-3D84-C2C2-58247A49A6CF}.Release|Any CPU.ActiveCfg = Release|Any CPU
		{DE26A72D-0757-3D84-C2C2-58247A49A6CF}.Release|Any CPU.Build.0 = Release|Any CPU
		{09AF7126-0CC5-D1A5-ACDB-6B0917D81A5B}.Debug|Any CPU.ActiveCfg = Debug|Any CPU
		{09AF7126-0CC5-D1A5-ACDB-6B0917D81A5B}.Debug|Any CPU.Build.0 = Debug|Any CPU
		{09AF7126-0CC5-D1A5-ACDB-6B0917D81A5B}.Release|Any CPU.ActiveCfg = Release|Any CPU
		{09AF7126-0CC5-D1A5-ACDB-6B0917D81A5B}.Release|Any CPU.Build.0 = Release|Any CPU
		{E453FD2D-8495-C344-9E6E-5F75E3236B49}.Debug|Any CPU.ActiveCfg = Debug|Any CPU
		{E453FD2D-8495-C344-9E6E-5F75E3236B49}.Debug|Any CPU.Build.0 = Debug|Any CPU
		{E453FD2D-8495-C344-9E6E-5F75E3236B49}.Release|Any CPU.ActiveCfg = Release|Any CPU
		{E453FD2D-8495-C344-9E6E-5F75E3236B49}.Release|Any CPU.Build.0 = Release|Any CPU
		{33AC2878-65B7-C4C1-8E6C-CCC0019EE731}.Debug|Any CPU.ActiveCfg = Debug|Any CPU
		{33AC2878-65B7-C4C1-8E6C-CCC0019EE731}.Debug|Any CPU.Build.0 = Debug|Any CPU
		{33AC2878-65B7-C4C1-8E6C-CCC0019EE731}.Release|Any CPU.ActiveCfg = Release|Any CPU
		{33AC2878-65B7-C4C1-8E6C-CCC0019EE731}.Release|Any CPU.Build.0 = Release|Any CPU
	EndGlobalSection
	GlobalSection(SolutionProperties) = preSolution
		HideSolutionNode = FALSE
	EndGlobalSection
	GlobalSection(NestedProjects) = preSolution
		{EE6051AE-B6D6-8202-9D97-06FDEF77DEC7} = {AAA173BB-8848-48A2-AC94-95C1833CC22D}
		{EFEDB2AB-A54A-CEDE-88B8-6EA93CEC4242} = {AAA173BB-8848-48A2-AC94-95C1833CC22D}
		{27C20924-9E09-3927-8D4D-A204713E4FD3} = {AAA173BB-8848-48A2-AC94-95C1833CC22D}
		{DE26A72D-0757-3D84-C2C2-58247A49A6CF} = {AAA173BB-8848-48A2-AC94-95C1833CC22D}
		{09AF7126-0CC5-D1A5-ACDB-6B0917D81A5B} = {02EA681E-C7D8-13C7-8484-4AC65E1B71E8}
		{E453FD2D-8495-C344-9E6E-5F75E3236B49} = {02EA681E-C7D8-13C7-8484-4AC65E1B71E8}
		{33AC2878-65B7-C4C1-8E6C-CCC0019EE731} = {02EA681E-C7D8-13C7-8484-4AC65E1B71E8}
	EndGlobalSection
	GlobalSection(ExtensibilityGlobals) = postSolution
		SolutionGuid = {C906630E-18B1-4925-8069-6F0CDDAB3A2A}
	EndGlobalSection
EndGlobal
